# THIS IS AN AUTOGENERATED FILE. DO NOT EDIT THIS FILE DIRECTLY.
# yarn lockfile v1


"@sesatheque-plugins/mathgraph@git+https://framagit.org/Sesamath/sesatheque-plugin-mathgraph.git":
  version "1.0.0"
  resolved "git+https://framagit.org/Sesamath/sesatheque-plugin-mathgraph.git#6cd0a69500a8c5410aeb9f29e94f09b378e8818c"
